
Microsoft Visual Studio Solution File, Format Version 12.00
# Visual Studio Version 17
VisualStudioVersion = 17.9.34607.119
MinimumVisualStudioVersion = 10.0.40219.1
Project("{FAE04EC0-301F-11D3-BF4B-00C04F79EFBC}") = "Proyec_admin", "Proyec_admin\Proyec_admin.csproj", "{B402AD76-E0AA-4DEB-AA6B-6AF57BBACD63}"
EndProject
Project("{FAE04EC0-301F-11D3-BF4B-00C04F79EFBC}") = "Proyec_Tienda", "Proyec_Tienda\Proyec_Tienda.csproj", "{D9F93286-0DCA-47AD-B28A-911A9C217837}"
EndProject
Project("{FAE04EC0-301F-11D3-BF4B-00C04F79EFBC}") = "CapaDatos", "CapaDatos\CapaDatos.csproj", "{12CCB76B-0C88-4C7E-9A83-F9789DE03E07}"
EndProject
Project("{FAE04EC0-301F-11D3-BF4B-00C04F79EFBC}") = "CapaEntidad", "CapaEntidad\CapaEntidad.csproj", "{8E78E3A9-9DD6-42DD-8DB3-36E844688F26}"
EndProject
Project("{FAE04EC0-301F-11D3-BF4B-00C04F79EFBC}") = "CapaNegocio", "CapaNegocio\CapaNegocio.csproj", "{DDC3D14C-406F-487F-8F31-8E0D04F9C745}"
EndProject
Global
	GlobalSection(SolutionConfigurationPlatforms) = preSolution
		Debug|Any CPU = Debug|Any CPU
		Release|Any CPU = Release|Any CPU
	EndGlobalSection
	GlobalSection(ProjectConfigurationPlatforms) = postSolution
		{B402AD76-E0AA-4DEB-AA6B-6AF57BBACD63}.Debug|Any CPU.ActiveCfg = Debug|Any CPU
		{B402AD76-E0AA-4DEB-AA6B-6AF57BBACD63}.Debug|Any CPU.Build.0 = Debug|Any CPU
		{B402AD76-E0AA-4DEB-AA6B-6AF57BBACD63}.Release|Any CPU.ActiveCfg = Release|Any CPU
		{B402AD76-E0AA-4DEB-AA6B-6AF57BBACD63}.Release|Any CPU.Build.0 = Release|Any CPU
		{D9F93286-0DCA-47AD-B28A-911A9C217837}.Debug|Any CPU.ActiveCfg = Debug|Any CPU
		{D9F93286-0DCA-47AD-B28A-911A9C217837}.Debug|Any CPU.Build.0 = Debug|Any CPU
		{D9F93286-0DCA-47AD-B28A-911A9C217837}.Release|Any CPU.ActiveCfg = Release|Any CPU
		{D9F93286-0DCA-47AD-B28A-911A9C217837}.Release|Any CPU.Build.0 = Release|Any CPU
		{12CCB76B-0C88-4C7E-9A83-F9789DE03E07}.Debug|Any CPU.ActiveCfg = Debug|Any CPU
		{12CCB76B-0C88-4C7E-9A83-F9789DE03E07}.Debug|Any CPU.Build.0 = Debug|Any CPU
		{12CCB76B-0C88-4C7E-9A83-F9789DE03E07}.Release|Any CPU.ActiveCfg = Release|Any CPU
		{12CCB76B-0C88-4C7E-9A83-F9789DE03E07}.Release|Any CPU.Build.0 = Release|Any CPU
		{8E78E3A9-9DD6-42DD-8DB3-36E844688F26}.Debug|Any CPU.ActiveCfg = Debug|Any CPU
		{8E78E3A9-9DD6-42DD-8DB3-36E844688F26}.Debug|Any CPU.Build.0 = Debug|Any CPU
		{8E78E3A9-9DD6-42DD-8DB3-36E844688F26}.Release|Any CPU.ActiveCfg = Release|Any CPU
		{8E78E3A9-9DD6-42DD-8DB3-36E844688F26}.Release|Any CPU.Build.0 = Release|Any CPU
		{DDC3D14C-406F-487F-8F31-8E0D04F9C745}.Debug|Any CPU.ActiveCfg = Debug|Any CPU
		{DDC3D14C-406F-487F-8F31-8E0D04F9C745}.Debug|Any CPU.Build.0 = Debug|Any CPU
		{DDC3D14C-406F-487F-8F31-8E0D04F9C745}.Release|Any CPU.ActiveCfg = Release|Any CPU
		{DDC3D14C-406F-487F-8F31-8E0D04F9C745}.Release|Any CPU.Build.0 = Release|Any CPU
	EndGlobalSection
	GlobalSection(SolutionProperties) = preSolution
		HideSolutionNode = FALSE
	EndGlobalSection
	GlobalSection(ExtensibilityGlobals) = postSolution
		SolutionGuid = {7EE32855-E113-4EE4-80B7-5604E18DBB28}
	EndGlobalSection
EndGlobal
